// !$*UTF8*$!
{
	archiveVersion = 1;
	classes = {
	};
	objectVersion = 46;
	objects = {

/* Begin PBXBuildFile section */
		53CDD79D1BFEFF35008C1040 /* main.m in Sources */ = {isa = PBXBuildFile; fileRef = 53CDD79C1BFEFF35008C1040 /* main.m */; };
		53CDD7A01BFEFF35008C1040 /* AppDelegate.m in Sources */ = {isa = PBXBuildFile; fileRef = 53CDD79F1BFEFF35008C1040 /* AppDelegate.m */; };
		53CDD7A31BFEFF35008C1040 /* ViewController.m in Sources */ = {isa = PBXBuildFile; fileRef = 53CDD7A21BFEFF35008C1040 /* ViewController.m */; };
		53CDD7A61BFEFF35008C1040 /* Main.storyboard in Resources */ = {isa = PBXBuildFile; fileRef = 53CDD7A41BFEFF35008C1040 /* Main.storyboard */; };
		53CDD7A81BFEFF35008C1040 /* Assets.xcassets in Resources */ = {isa = PBXBuildFile; fileRef = 53CDD7A71BFEFF35008C1040 /* Assets.xcassets */; };
		53CDD7AB1BFEFF35008C1040 /* LaunchScreen.storyboard in Resources */ = {isa = PBXBuildFile; fileRef = 53CDD7A91BFEFF35008C1040 /* LaunchScreen.storyboard */; };
		53CDD7BC1BFF00DE008C1040 /* TFHpple.m in Sources */ = {isa = PBXBuildFile; fileRef = 53CDD7B71BFF00DE008C1040 /* TFHpple.m */; };
		53CDD7BD1BFF00DE008C1040 /* TFHppleElement.m in Sources */ = {isa = PBXBuildFile; fileRef = 53CDD7B91BFF00DE008C1040 /* TFHppleElement.m */; };
		53CDD7BE1BFF00DE008C1040 /* XPathQuery.m in Sources */ = {isa = PBXBuildFile; fileRef = 53CDD7BB1BFF00DE008C1040 /* XPathQuery.m */; };
		53CDD7C01BFF00F2008C1040 /* libxml2.2.tbd in Frameworks */ = {isa = PBXBuildFile; fileRef = 53CDD7BF1BFF00F2008C1040 /* libxml2.2.tbd */; };
		53CDD7C21BFF0108008C1040 /* libxml2.tbd in Frameworks */ = {isa = PBXBuildFile; fileRef = 53CDD7C11BFF0108008C1040 /* libxml2.tbd */; };
		53CDD7D91BFF01A5008C1040 /* AFHTTPRequestOperation.m in Sources */ = {isa = PBXBuildFile; fileRef = 53CDD7C71BFF01A5008C1040 /* AFHTTPRequestOperation.m */; };
		53CDD7DA1BFF01A5008C1040 /* AFHTTPRequestOperationManager.m in Sources */ = {isa = PBXBuildFile; fileRef = 53CDD7C91BFF01A5008C1040 /* AFHTTPRequestOperationManager.m */; };
		53CDD7DB1BFF01A5008C1040 /* AFHTTPSessionManager.m in Sources */ = {isa = PBXBuildFile; fileRef = 53CDD7CB1BFF01A5008C1040 /* AFHTTPSessionManager.m */; };
		53CDD7DC1BFF01A5008C1040 /* AFNetworkReachabilityManager.m in Sources */ = {isa = PBXBuildFile; fileRef = 53CDD7CE1BFF01A5008C1040 /* AFNetworkReachabilityManager.m */; };
		53CDD7DD1BFF01A5008C1040 /* AFSecurityPolicy.m in Sources */ = {isa = PBXBuildFile; fileRef = 53CDD7D01BFF01A5008C1040 /* AFSecurityPolicy.m */; };
		53CDD7DE1BFF01A5008C1040 /* AFURLConnectionOperation.m in Sources */ = {isa = PBXBuildFile; fileRef = 53CDD7D21BFF01A5008C1040 /* AFURLConnectionOperation.m */; };
		53CDD7DF1BFF01A5008C1040 /* AFURLRequestSerialization.m in Sources */ = {isa = PBXBuildFile; fileRef = 53CDD7D41BFF01A5008C1040 /* AFURLRequestSerialization.m */; };
		53CDD7E01BFF01A5008C1040 /* AFURLResponseSerialization.m in Sources */ = {isa = PBXBuildFile; fileRef = 53CDD7D61BFF01A5008C1040 /* AFURLResponseSerialization.m */; };
		53CDD7E11BFF01A5008C1040 /* AFURLSessionManager.m in Sources */ = {isa = PBXBuildFile; fileRef = 53CDD7D81BFF01A5008C1040 /* AFURLSessionManager.m */; };
/* End PBXBuildFile section */

/* Begin PBXFileReference section */
		53CDD7981BFEFF35008C1040 /* NuistLibrary.app */ = {isa = PBXFileReference; explicitFileType = wrapper.application; includeInIndex = 0; path = NuistLibrary.app; sourceTree = BUILT_PRODUCTS_DIR; };
		53CDD79C1BFEFF35008C1040 /* main.m */ = {isa = PBXFileReference; lastKnownFileType = sourcecode.c.objc; path = main.m; sourceTree = "<group>"; };
		53CDD79E1BFEFF35008C1040 /* AppDelegate.h */ = {isa = PBXFileReference; lastKnownFileType = sourcecode.c.h; path = AppDelegate.h; sourceTree = "<group>"; };
		53CDD79F1BFEFF35008C1040 /* AppDelegate.m */ = {isa = PBXFileReference; lastKnownFileType = sourcecode.c.objc; path = AppDelegate.m; sourceTree = "<group>"; };
		53CDD7A11BFEFF35008C1040 /* ViewController.h */ = {isa = PBXFileReference; lastKnownFileType = sourcecode.c.h; path = ViewController.h; sourceTree = "<group>"; };
		53CDD7A21BFEFF35008C1040 /* ViewController.m */ = {isa = PBXFileReference; lastKnownFileType = sourcecode.c.objc; path = ViewController.m; sourceTree = "<group>"; };
		53CDD7A51BFEFF35008C1040 /* Base */ = {isa = PBXFileReference; lastKnownFileType = file.storyboard; name = Base; path = Base.lproj/Main.storyboard; sourceTree = "<group>"; };
		53CDD7A71BFEFF35008C1040 /* Assets.xcassets */ = {isa = PBXFileReference; lastKnownFileType = folder.assetcatalog; path = Assets.xcassets; sourceTree = "<group>"; };
		53CDD7AA1BFEFF35008C1040 /* Base */ = {isa = PBXFileReference; lastKnownFileType = file.storyboard; name = Base; path = Base.lproj/LaunchScreen.storyboard; sourceTree = "<group>"; };
		53CDD7AC1BFEFF35008C1040 /* Info.plist */ = {isa = PBXFileReference; lastKnownFileType = text.plist.xml; path = Info.plist; sourceTree = "<group>"; };
		53CDD7B61BFF00DE008C1040 /* TFHpple.h */ = {isa = PBXFileReference; fileEncoding = 4; lastKnownFileType = sourcecode.c.h; path = TFHpple.h; sourceTree = "<group>"; };
		53CDD7B71BFF00DE008C1040 /* TFHpple.m */ = {isa = PBXFileReference; fileEncoding = 4; lastKnownFileType = sourcecode.c.objc; path = TFHpple.m; sourceTree = "<group>"; };
		53CDD7B81BFF00DE008C1040 /* TFHppleElement.h */ = {isa = PBXFileReference; fileEncoding = 4; lastKnownFileType = sourcecode.c.h; path = TFHppleElement.h; sourceTree = "<group>"; };
		53CDD7B91BFF00DE008C1040 /* TFHppleElement.m */ = {isa = PBXFileReference; fileEncoding = 4; lastKnownFileType = sourcecode.c.objc; path = TFHppleElement.m; sourceTree = "<group>"; };
		53CDD7BA1BFF00DE008C1040 /* XPathQuery.h */ = {isa = PBXFileReference; fileEncoding = 4; lastKnownFileType = sourcecode.c.h; path = XPathQuery.h; sourceTree = "<group>"; };
		53CDD7BB1BFF00DE008C1040 /* XPathQuery.m */ = {isa = PBXFileReference; fileEncoding = 4; lastKnownFileType = sourcecode.c.objc; path = XPathQuery.m; sourceTree = "<group>"; };
		53CDD7BF1BFF00F2008C1040 /* libxml2.2.tbd */ = {isa = PBXFileReference; lastKnownFileType = "sourcecode.text-based-dylib-definition"; name = libxml2.2.tbd; path = usr/lib/libxml2.2.tbd; sourceTree = SDKROOT; };
		53CDD7C11BFF0108008C1040 /* libxml2.tbd */ = {isa = PBXFileReference; lastKnownFileType = "sourcecode.text-based-dylib-definition"; name = libxml2.tbd; path = usr/lib/libxml2.tbd; sourceTree = SDKROOT; };
		53CDD7C61BFF01A5008C1040 /* AFHTTPRequestOperation.h */ = {isa = PBXFileReference; fileEncoding = 4; lastKnownFileType = sourcecode.c.h; path = AFHTTPRequestOperation.h; sourceTree = "<group>"; };
		53CDD7C71BFF01A5008C1040 /* AFHTTPRequestOperation.m */ = {isa = PBXFileReference; fileEncoding = 4; lastKnownFileType = sourcecode.c.objc; path = AFHTTPRequestOperation.m; sourceTree = "<group>"; };
		53CDD7C81BFF01A5008C1040 /* AFHTTPRequestOperationManager.h */ = {isa = PBXFileReference; fileEncoding = 4; lastKnownFileType = sourcecode.c.h; path = AFHTTPRequestOperationManager.h; sourceTree = "<group>"; };
		53CDD7C91BFF01A5008C1040 /* AFHTTPRequestOperationManager.m */ = {isa = PBXFileReference; fileEncoding = 4; lastKnownFileType = sourcecode.c.objc; path = AFHTTPRequestOperationManager.m; sourceTree = "<group>"; };
		53CDD7CA1BFF01A5008C1040 /* AFHTTPSessionManager.h */ = {isa = PBXFileReference; fileEncoding = 4; lastKnownFileType = sourcecode.c.h; path = AFHTTPSessionManager.h; sourceTree = "<group>"; };
		53CDD7CB1BFF01A5008C1040 /* AFHTTPSessionManager.m */ = {isa = PBXFileReference; fileEncoding = 4; lastKnownFileType = sourcecode.c.objc; path = AFHTTPSessionManager.m; sourceTree = "<group>"; };
		53CDD7CC1BFF01A5008C1040 /* AFNetworking.h */ = {isa = PBXFileReference; fileEncoding = 4; lastKnownFileType = sourcecode.c.h; path = AFNetworking.h; sourceTree = "<group>"; };
		53CDD7CD1BFF01A5008C1040 /* AFNetworkReachabilityManager.h */ = {isa = PBXFileReference; fileEncoding = 4; lastKnownFileType = sourcecode.c.h; path = AFNetworkReachabilityManager.h; sourceTree = "<group>"; };
		53CDD7CE1BFF01A5008C1040 /* AFNetworkReachabilityManager.m */ = {isa = PBXFileReference; fileEncoding = 4; lastKnownFileType = sourcecode.c.objc; path = AFNetworkReachabilityManager.m; sourceTree = "<group>"; };
		53CDD7CF1BFF01A5008C1040 /* AFSecurityPolicy.h */ = {isa = PBXFileReference; fileEncoding = 4; lastKnownFileType = sourcecode.c.h; path = AFSecurityPolicy.h; sourceTree = "<group>"; };
		53CDD7D01BFF01A5008C1040 /* AFSecurityPolicy.m */ = {isa = PBXFileReference; fileEncoding = 4; lastKnownFileType = sourcecode.c.objc; path = AFSecurityPolicy.m; sourceTree = "<group>"; };
		53CDD7D11BFF01A5008C1040 /* AFURLConnectionOperation.h */ = {isa = PBXFileReference; fileEncoding = 4; lastKnownFileType = sourcecode.c.h; path = AFURLConnectionOperation.h; sourceTree = "<group>"; };
		53CDD7D21BFF01A5008C1040 /* AFURLConnectionOperation.m */ = {isa = PBXFileReference; fileEncoding = 4; lastKnownFileType = sourcecode.c.objc; path = AFURLConnectionOperation.m; sourceTree = "<group>"; };
		53CDD7D31BFF01A5008C1040 /* AFURLRequestSerialization.h */ = {isa = PBXFileReference; fileEncoding = 4; lastKnownFileType = sourcecode.c.h; path = AFURLRequestSerialization.h; sourceTree = "<group>"; };
		53CDD7D41BFF01A5008C1040 /* AFURLRequestSerialization.m */ = {isa = PBXFileReference; fileEncoding = 4; lastKnownFileType = sourcecode.c.objc; path = AFURLRequestSerialization.m; sourceTree = "<group>"; };
		53CDD7D51BFF01A5008C1040 /* AFURLResponseSerialization.h */ = {isa = PBXFileReference; fileEncoding = 4; lastKnownFileType = sourcecode.c.h; path = AFURLResponseSerialization.h; sourceTree = "<group>"; };
		53CDD7D61BFF01A5008C1040 /* AFURLResponseSerialization.m */ = {isa = PBXFileReference; fileEncoding = 4; lastKnownFileType = sourcecode.c.objc; path = AFURLResponseSerialization.m; sourceTree = "<group>"; };
		53CDD7D71BFF01A5008C1040 /* AFURLSessionManager.h */ = {isa = PBXFileReference; fileEncoding = 4; lastKnownFileType = sourcecode.c.h; path = AFURLSessionManager.h; sourceTree = "<group>"; };
		53CDD7D81BFF01A5008C1040 /* AFURLSessionManager.m */ = {isa = PBXFileReference; fileEncoding = 4; lastKnownFileType = sourcecode.c.objc; path = AFURLSessionManager.m; sourceTree = "<group>"; };
/* End PBXFileReference section */

/* Begin PBXFrameworksBuildPhase section */
		53CDD7951BFEFF35008C1040 /* Frameworks */ = {
			isa = PBXFrameworksBuildPhase;
			buildActionMask = 2147483647;
			files = (
				53CDD7C21BFF0108008C1040 /* libxml2.tbd in Frameworks */,
				53CDD7C01BFF00F2008C1040 /* libxml2.2.tbd in Frameworks */,
			);
			runOnlyForDeploymentPostprocessing = 0;
		};
/* End PBXFrameworksBuildPhase section */

/* Begin PBXGroup section */
		53CDD78F1BFEFF35008C1040 = {
			isa = PBXGroup;
			children = (
				53CDD7C31BFF012B008C1040 /* frameworks */,
				53CDD79A1BFEFF35008C1040 /* NuistLibrary */,
				53CDD7991BFEFF35008C1040 /* Products */,
			);
			sourceTree = "<group>";
		};
		53CDD7991BFEFF35008C1040 /* Products */ = {
			isa = PBXGroup;
			children = (
				53CDD7981BFEFF35008C1040 /* NuistLibrary.app */,
			);
			name = Products;
			sourceTree = "<group>";
		};
		53CDD79A1BFEFF35008C1040 /* NuistLibrary */ = {
			isa = PBXGroup;
			children = (
				53CDD7B51BFF00DE008C1040 /* Dependencies */,
				53CDD79E1BFEFF35008C1040 /* AppDelegate.h */,
				53CDD79F1BFEFF35008C1040 /* AppDelegate.m */,
				53CDD7B21BFEFF64008C1040 /* Controller */,
				53CDD7A41BFEFF35008C1040 /* Main.storyboard */,
				53CDD7A71BFEFF35008C1040 /* Assets.xcassets */,
				53CDD7A91BFEFF35008C1040 /* LaunchScreen.storyboard */,
				53CDD7AC1BFEFF35008C1040 /* Info.plist */,
				53CDD79B1BFEFF35008C1040 /* Supporting Files */,
			);
			path = NuistLibrary;
			sourceTree = "<group>";
		};
		53CDD79B1BFEFF35008C1040 /* Supporting Files */ = {
			isa = PBXGroup;
			children = (
				53CDD79C1BFEFF35008C1040 /* main.m */,
			);
			name = "Supporting Files";
			sourceTree = "<group>";
		};
		53CDD7B21BFEFF64008C1040 /* Controller */ = {
			isa = PBXGroup;
			children = (
				53CDD7A11BFEFF35008C1040 /* ViewController.h */,
				53CDD7A21BFEFF35008C1040 /* ViewController.m */,
			);
			name = Controller;
			sourceTree = "<group>";
		};
		53CDD7B51BFF00DE008C1040 /* Dependencies */ = {
			isa = PBXGroup;
			children = (
				53CDD7C51BFF01A5008C1040 /* AFNetworking */,
				53CDD7C41BFF0146008C1040 /* Hpple */,
			);
			name = Dependencies;
			path = Classes;
			sourceTree = "<group>";
		};
		53CDD7C31BFF012B008C1040 /* frameworks */ = {
			isa = PBXGroup;
			children = (
				53CDD7C11BFF0108008C1040 /* libxml2.tbd */,
				53CDD7BF1BFF00F2008C1040 /* libxml2.2.tbd */,
			);
			name = frameworks;
			sourceTree = "<group>";
		};
		53CDD7C41BFF0146008C1040 /* Hpple */ = {
			isa = PBXGroup;
			children = (
				53CDD7B61BFF00DE008C1040 /* TFHpple.h */,
				53CDD7B71BFF00DE008C1040 /* TFHpple.m */,
				53CDD7B81BFF00DE008C1040 /* TFHppleElement.h */,
				53CDD7B91BFF00DE008C1040 /* TFHppleElement.m */,
				53CDD7BA1BFF00DE008C1040 /* XPathQuery.h */,
				53CDD7BB1BFF00DE008C1040 /* XPathQuery.m */,
			);
			name = Hpple;
			sourceTree = "<group>";
		};
		53CDD7C51BFF01A5008C1040 /* AFNetworking */ = {
			isa = PBXGroup;
			children = (
				53CDD7C61BFF01A5008C1040 /* AFHTTPRequestOperation.h */,
				53CDD7C71BFF01A5008C1040 /* AFHTTPRequestOperation.m */,
				53CDD7C81BFF01A5008C1040 /* AFHTTPRequestOperationManager.h */,
				53CDD7C91BFF01A5008C1040 /* AFHTTPRequestOperationManager.m */,
				53CDD7CA1BFF01A5008C1040 /* AFHTTPSessionManager.h */,
				53CDD7CB1BFF01A5008C1040 /* AFHTTPSessionManager.m */,
				53CDD7CC1BFF01A5008C1040 /* AFNetworking.h */,
				53CDD7CD1BFF01A5008C1040 /* AFNetworkReachabilityManager.h */,
				53CDD7CE1BFF01A5008C1040 /* AFNetworkReachabilityManager.m */,
				53CDD7CF1BFF01A5008C1040 /* AFSecurityPolicy.h */,
				53CDD7D01BFF01A5008C1040 /* AFSecurityPolicy.m */,
				53CDD7D11BFF01A5008C1040 /* AFURLConnectionOperation.h */,
				53CDD7D21BFF01A5008C1040 /* AFURLConnectionOperation.m */,
				53CDD7D31BFF01A5008C1040 /* AFURLRequestSerialization.h */,
				53CDD7D41BFF01A5008C1040 /* AFURLRequestSerialization.m */,
				53CDD7D51BFF01A5008C1040 /* AFURLResponseSerialization.h */,
				53CDD7D61BFF01A5008C1040 /* AFURLResponseSerialization.m */,
				53CDD7D71BFF01A5008C1040 /* AFURLSessionManager.h */,
				53CDD7D81BFF01A5008C1040 /* AFURLSessionManager.m */,
			);
			path = AFNetworking;
			sourceTree = "<group>";
		};
/* End PBXGroup section */

/* Begin PBXNativeTarget section */
		53CDD7971BFEFF35008C1040 /* NuistLibrary */ = {
			isa = PBXNativeTarget;
			buildConfigurationList = 53CDD7AF1BFEFF35008C1040 /* Build configuration list for PBXNativeTarget "NuistLibrary" */;
			buildPhases = (
				53CDD7941BFEFF35008C1040 /* Sources */,
				53CDD7951BFEFF35008C1040 /* Frameworks */,
				53CDD7961BFEFF35008C1040 /* Resources */,
			);
			buildRules = (
			);
			dependencies = (
			);
			name = NuistLibrary;
			productName = NuistLibrary;
			productReference = 53CDD7981BFEFF35008C1040 /* NuistLibrary.app */;
			productType = "com.apple.product-type.application";
		};
/* End PBXNativeTarget section */

/* Begin PBXProject section */
		53CDD7901BFEFF35008C1040 /* Project object */ = {
			isa = PBXProject;
			attributes = {
				LastUpgradeCheck = 0710;
				ORGANIZATIONNAME = "王志龙";
				TargetAttributes = {
					53CDD7971BFEFF35008C1040 = {
						CreatedOnToolsVersion = 7.1.1;
					};
				};
			};
			buildConfigurationList = 53CDD7931BFEFF35008C1040 /* Build configuration list for PBXProject "NuistLibrary" */;
			compatibilityVersion = "Xcode 3.2";
			developmentRegion = English;
			hasScannedForEncodings = 0;
			knownRegions = (
				en,
				Base,
			);
			mainGroup = 53CDD78F1BFEFF35008C1040;
			productRefGroup = 53CDD7991BFEFF35008C1040 /* Products */;
			projectDirPath = "";
			projectRoot = "";
			targets = (
				53CDD7971BFEFF35008C1040 /* NuistLibrary */,
			);
		};
/* End PBXProject section */

/* Begin PBXResourcesBuildPhase section */
		53CDD7961BFEFF35008C1040 /* Resources */ = {
			isa = PBXResourcesBuildPhase;
			buildActionMask = 2147483647;
			files = (
				53CDD7AB1BFEFF35008C1040 /* LaunchScreen.storyboard in Resources */,
				53CDD7A81BFEFF35008C1040 /* Assets.xcassets in Resources */,
				53CDD7A61BFEFF35008C1040 /* Main.storyboard in Resources */,
			);
			runOnlyForDeploymentPostprocessing = 0;
		};
/* End PBXResourcesBuildPhase section */

/* Begin PBXSourcesBuildPhase section */
		53CDD7941BFEFF35008C1040 /* Sources */ = {
			isa = PBXSourcesBuildPhase;
			buildActionMask = 2147483647;
			files = (
				53CDD7E11BFF01A5008C1040 /* AFURLSessionManager.m in Sources */,
				53CDD7A31BFEFF35008C1040 /* ViewController.m in Sources */,
				53CDD7A01BFEFF35008C1040 /* AppDelegate.m in Sources */,
				53CDD7DC1BFF01A5008C1040 /* AFNetworkReachabilityManager.m in Sources */,
				53CDD79D1BFEFF35008C1040 /* main.m in Sources */,
				53CDD7DE1BFF01A5008C1040 /* AFURLConnectionOperation.m in Sources */,
				53CDD7DB1BFF01A5008C1040 /* AFHTTPSessionManager.m in Sources */,
				53CDD7DF1BFF01A5008C1040 /* AFURLRequestSerialization.m in Sources */,
				53CDD7BC1BFF00DE008C1040 /* TFHpple.m in Sources */,
				53CDD7BE1BFF00DE008C1040 /* XPathQuery.m in Sources */,
				53CDD7BD1BFF00DE008C1040 /* TFHppleElement.m in Sources */,
				53CDD7DA1BFF01A5008C1040 /* AFHTTPRequestOperationManager.m in Sources */,
				53CDD7DD1BFF01A5008C1040 /* AFSecurityPolicy.m in Sources */,
				53CDD7E01BFF01A5008C1040 /* AFURLResponseSerialization.m in Sources */,
				53CDD7D91BFF01A5008C1040 /* AFHTTPRequestOperation.m in Sources */,
			);
			runOnlyForDeploymentPostprocessing = 0;
		};
/* End PBXSourcesBuildPhase section */

/* Begin PBXVariantGroup section */
		53CDD7A41BFEFF35008C1040 /* Main.storyboard */ = {
			isa = PBXVariantGroup;
			children = (
				53CDD7A51BFEFF35008C1040 /* Base */,
			);
			name = Main.storyboard;
			sourceTree = "<group>";
		};
		53CDD7A91BFEFF35008C1040 /* LaunchScreen.storyboard */ = {
			isa = PBXVariantGroup;
			children = (
				53CDD7AA1BFEFF35008C1040 /* Base */,
			);
			name = LaunchScreen.storyboard;
			sourceTree = "<group>";
		};
/* End PBXVariantGroup section */

/* Begin XCBuildConfiguration section */
		53CDD7AD1BFEFF35008C1040 /* Debug */ = {
			isa = XCBuildConfiguration;
			buildSettings = {
				ALWAYS_SEARCH_USER_PATHS = NO;
				CLANG_CXX_LANGUAGE_STANDARD = "gnu++0x";
				CLANG_CXX_LIBRARY = "libc++";
				CLANG_ENABLE_MODULES = YES;
				CLANG_ENABLE_OBJC_ARC = YES;
				CLANG_WARN_BOOL_CONVERSION = YES;
				CLANG_WARN_CONSTANT_CONVERSION = YES;
				CLANG_WARN_DIRECT_OBJC_ISA_USAGE = YES_ERROR;
				CLANG_WARN_EMPTY_BODY = YES;
				CLANG_WARN_ENUM_CONVERSION = YES;
				CLANG_WARN_INT_CONVERSION = YES;
				CLANG_WARN_OBJC_ROOT_CLASS = YES_ERROR;
				CLANG_WARN_UNREACHABLE_CODE = YES;
				CLANG_WARN__DUPLICATE_METHOD_MATCH = YES;
				"CODE_SIGN_IDENTITY[sdk=iphoneos*]" = "iPhone Developer";
				COPY_PHASE_STRIP = NO;
				DEBUG_INFORMATION_FORMAT = dwarf;
				ENABLE_STRICT_OBJC_MSGSEND = YES;
				ENABLE_TESTABILITY = YES;
				GCC_C_LANGUAGE_STANDARD = gnu99;
				GCC_DYNAMIC_NO_PIC = NO;
				GCC_NO_COMMON_BLOCKS = YES;
				GCC_OPTIMIZATION_LEVEL = 0;
				GCC_PREPROCESSOR_DEFINITIONS = (
					"DEBUG=1",
					"$(inherited)",
				);
				GCC_WARN_64_TO_32_BIT_CONVERSION = YES;
				GCC_WARN_ABOUT_RETURN_TYPE = YES_ERROR;
				GCC_WARN_UNDECLARED_SELECTOR = YES;
				GCC_WARN_UNINITIALIZED_AUTOS = YES_AGGRESSIVE;
				GCC_WARN_UNUSED_FUNCTION = YES;
				GCC_WARN_UNUSED_VARIABLE = YES;
				IPHONEOS_DEPLOYMENT_TARGET = 9.1;
				MTL_ENABLE_DEBUG_INFO = YES;
				ONLY_ACTIVE_ARCH = YES;
				SDKROOT = iphoneos;
				TARGETED_DEVICE_FAMILY = "1,2";
			};
			name = Debug;
		};
		53CDD7AE1BFEFF35008C1040 /* Release */ = {
			isa = XCBuildConfiguration;
			buildSettings = {
				ALWAYS_SEARCH_USER_PATHS = NO;
				CLANG_CXX_LANGUAGE_STANDARD = "gnu++0x";
				CLANG_CXX_LIBRARY = "libc++";
				CLANG_ENABLE_MODULES = YES;
				CLANG_ENABLE_OBJC_ARC = YES;
				CLANG_WARN_BOOL_CONVERSION = YES;
				CLANG_WARN_CONSTANT_CONVERSION = YES;
				CLANG_WARN_DIRECT_OBJC_ISA_USAGE = YES_ERROR;
				CLANG_WARN_EMPTY_BODY = YES;
				CLANG_WARN_ENUM_CONVERSION = YES;
				CLANG_WARN_INT_CONVERSION = YES;
				CLANG_WARN_OBJC_ROOT_CLASS = YES_ERROR;
				CLANG_WARN_UNREACHABLE_CODE = YES;
				CLANG_WARN__DUPLICATE_METHOD_MATCH = YES;
				"CODE_SIGN_IDENTITY[sdk=iphoneos*]" = "iPhone Developer";
				COPY_PHASE_STRIP = NO;
				DEBUG_INFORMATION_FORMAT = "dwarf-with-dsym";
				ENABLE_NS_ASSERTIONS = NO;
				ENABLE_STRICT_OBJC_MSGSEND = YES;
				GCC_C_LANGUAGE_STANDARD = gnu99;
				GCC_NO_COMMON_BLOCKS = YES;
				GCC_WARN_64_TO_32_BIT_CONVERSION = YES;
				GCC_WARN_ABOUT_RETURN_TYPE = YES_ERROR;
				GCC_WARN_UNDECLARED_SELECTOR = YES;
				GCC_WARN_UNINITIALIZED_AUTOS = YES_AGGRESSIVE;
				GCC_WARN_UNUSED_FUNCTION = YES;
				GCC_WARN_UNUSED_VARIABLE = YES;
				IPHONEOS_DEPLOYMENT_TARGET = 9.1;
				MTL_ENABLE_DEBUG_INFO = NO;
				SDKROOT = iphoneos;
				TARGETED_DEVICE_FAMILY = "1,2";
				VALIDATE_PRODUCT = YES;
			};
			name = Release;
		};
		53CDD7B01BFEFF35008C1040 /* Debug */ = {
			isa = XCBuildConfiguration;
			buildSettings = {
				ASSETCATALOG_COMPILER_APPICON_NAME = AppIcon;
				HEADER_SEARCH_PATHS = "$(SDKROOT)/usr/include/libxml2";
				INFOPLIST_FILE = NuistLibrary/Info.plist;
				IPHONEOS_DEPLOYMENT_TARGET = 8.0;
				LD_RUNPATH_SEARCH_PATHS = "$(inherited) @executable_path/Frameworks";
				PRODUCT_BUNDLE_IDENTIFIER = com.shenjingstudio.stephenw.NuistLibrary;
				PRODUCT_NAME = "$(TARGET_NAME)";
			};
			name = Debug;
		};
		53CDD7B11BFEFF35008C1040 /* Release */ = {
			isa = XCBuildConfiguration;
			buildSettings = {
				ASSETCATALOG_COMPILER_APPICON_NAME = AppIcon;
				HEADER_SEARCH_PATHS = "$(SDKROOT)/usr/include/libxml2";
				INFOPLIST_FILE = NuistLibrary/Info.plist;
				IPHONEOS_DEPLOYMENT_TARGET = 8.0;
				LD_RUNPATH_SEARCH_PATHS = "$(inherited) @executable_path/Frameworks";
				PRODUCT_BUNDLE_IDENTIFIER = com.shenjingstudio.stephenw.NuistLibrary;
				PRODUCT_NAME = "$(TARGET_NAME)";
			};
			name = Release;
		};
/* End XCBuildConfiguration section */

/* Begin XCConfigurationList section */
		53CDD7931BFEFF35008C1040 /* Build configuration list for PBXProject "NuistLibrary" */ = {
			isa = XCConfigurationList;
			buildConfigurations = (
				53CDD7AD1BFEFF35008C1040 /* Debug */,
				53CDD7AE1BFEFF35008C1040 /* Release */,
			);
			defaultConfigurationIsVisible = 0;
			defaultConfigurationName = Release;
		};
		53CDD7AF1BFEFF35008C1040 /* Build configuration list for PBXNativeTarget "NuistLibrary" */ = {
			isa = XCConfigurationList;
			buildConfigurations = (
				53CDD7B01BFEFF35008C1040 /* Debug */,
				53CDD7B11BFEFF35008C1040 /* Release */,
			);
			defaultConfigurationIsVisible = 0;
		};
/* End XCConfigurationList section */
	};
	rootObject = 53CDD7901BFEFF35008C1040 /* Project object */;
}
